{
  "name": "@rifandani/nxact-ui",
  "version": "0.0.0",
  "lockfileVersion": 2,
  "requires": true,
  "packages": {
    "": {
      "name": "@rifandani/nxact-ui",
      "version": "0.0.0",
      "license": "MIT",
      "engines": {
        "node": ">=16.x",
        "npm": ">=8.x"
      }
    }
  }
}
